<?xml version="1.0" encoding="utf-8"?>
<Project ToolsVersion="4.0" xmlns="http://schemas.microsoft.com/developer/msbuild/2003">
  <ItemGroup>
    <Filter Include="Source Files">
      <UniqueIdentifier>{4FC737F1-C7A5-4376-A066-2A32D752A2FF}</UniqueIdentifier>
      <Extensions>cpp;c;cc;cxx;def;odl;idl;hpj;bat;asm;asmx</Extensions>
    </Filter>
    <Filter Include="Header Files">
      <UniqueIdentifier>{93995380-89BD-4b04-88EB-625FBE52EBFB}</UniqueIdentifier>
      <Extensions>h;hpp;hxx;hm;inl;inc;xsd</Extensions>
    </Filter>
    <Filter Include="Resource Files">
      <UniqueIdentifier>{67DA6AB6-F800-4c08-8B7A-83BB121AAD01}</UniqueIdentifier>
      <Extensions>rc;ico;cur;bmp;dlg;rc2;rct;bin;rgs;gif;jpg;jpeg;jpe;resx;tiff;tif;png;wav;mfcribbon-ms</Extensions>
    </Filter>
  </ItemGroup>
  <ItemGroup>
    <ClInclude Include="ConcreteFiber2D.h">
      <Filter>Header Files</Filter>
    </ClInclude>
    <ClInclude Include="ConcreteMaterial2D.h">
      <Filter>Header Files</Filter>
    </ClInclude>
    <ClInclude Include="Fiber2D.h">
      <Filter>Header Files</Filter>
    </ClInclude>
    <ClInclude Include="FiberSection2D.h">
      <Filter>Header Files</Filter>
    </ClInclude>
    <ClInclude Include="ForceFiber2D.h">
      <Filter>Header Files</Filter>
    </ClInclude>
    <ClInclude Include="GirderSection2D.h">
      <Filter>Header Files</Filter>
    </ClInclude>
    <ClInclude Include="Material2D.h">
      <Filter>Header Files</Filter>
    </ClInclude>
    <ClInclude Include="PrestressStrandMaterial2D.h">
      <Filter>Header Files</Filter>
    </ClInclude>
    <ClInclude Include="RebarFiber2D.h">
      <Filter>Header Files</Filter>
    </ClInclude>
    <ClInclude Include="RebarMaterial2D.h">
      <Filter>Header Files</Filter>
    </ClInclude>
    <ClInclude Include="StrandFiber2D.h">
      <Filter>Header Files</Filter>
    </ClInclude>
    <ClInclude Include="stdafx.h">
      <Filter>Header Files</Filter>
    </ClInclude>
    <ClInclude Include="targetver.h">
      <Filter>Header Files</Filter>
    </ClInclude>
  </ItemGroup>
  <ItemGroup>
    <ClCompile Include="ConcreteFiber2D.cpp">
      <Filter>Source Files</Filter>
    </ClCompile>
    <ClCompile Include="ConcreteMaterial2D.cpp">
      <Filter>Source Files</Filter>
    </ClCompile>
    <ClCompile Include="Fiber2D.cpp">
      <Filter>Source Files</Filter>
    </ClCompile>
    <ClCompile Include="FiberSection2D.cpp">
      <Filter>Source Files</Filter>
    </ClCompile>
    <ClCompile Include="ForceFiber2D.cpp">
      <Filter>Source Files</Filter>
    </ClCompile>
    <ClCompile Include="GirderSection2D.cpp">
      <Filter>Source Files</Filter>
    </ClCompile>
    <ClCompile Include="Material2D.cpp">
      <Filter>Source Files</Filter>
    </ClCompile>
    <ClCompile Include="PrestressStrandMaterial2D.cpp">
      <Filter>Source Files</Filter>
    </ClCompile>
    <ClCompile Include="RebarFiber2D.cpp">
      <Filter>Source Files</Filter>
    </ClCompile>
    <ClCompile Include="RebarMaterial2D.cpp">
      <Filter>Source Files</Filter>
    </ClCompile>
    <ClCompile Include="StrandFiber2D.cpp">
      <Filter>Source Files</Filter>
    </ClCompile>
    <ClCompile Include="stdafx.cpp">
      <Filter>Source Files</Filter>
    </ClCompile>
    <ClCompile Include="MainFile.cpp">
      <Filter>Source Files</Filter>
    </ClCompile>
  </ItemGroup>
</Project>