
Microsoft Visual Studio Solution File, Format Version 12.00
# Visual Studio 2012
Project("{8BC9CEB8-8B4A-11D0-8D11-00A0C91BC942}") = "Fiber Section Analysis", "Fiber Section Analysis\Fiber Section Analysis.vcxproj", "{A3F47127-B0EF-4532-BDEB-524C76839D7F}"
EndProject
Project("{2150E333-8FDC-42A3-9474-1A3956D46DE8}") = "Solution Items", "Solution Items", "{8E093A89-9C76-4EA2-A235-C4A24CCFC402}"
EndProject
Global
	GlobalSection(SolutionConfigurationPlatforms) = preSolution
		Debug|Win32 = Debug|Win32
		Release|Win32 = Release|Win32
	EndGlobalSection
	GlobalSection(ProjectConfigurationPlatforms) = postSolution
		{A3F47127-B0EF-4532-BDEB-524C76839D7F}.Debug|Win32.ActiveCfg = Debug|Win32
		{A3F47127-B0EF-4532-BDEB-524C76839D7F}.Debug|Win32.Build.0 = Debug|Win32
		{A3F47127-B0EF-4532-BDEB-524C76839D7F}.Release|Win32.ActiveCfg = Release|Win32
		{A3F47127-B0EF-4532-BDEB-524C76839D7F}.Release|Win32.Build.0 = Release|Win32
	EndGlobalSection
	GlobalSection(SolutionProperties) = preSolution
		HideSolutionNode = FALSE
	EndGlobalSection
EndGlobal
